
Microsoft Visual Studio Solution File, Format Version 12.00
# Visual Studio Version 17
VisualStudioVersion = 17.4.33122.133
MinimumVisualStudioVersion = 10.0.40219.1
Project("{FAE04EC0-301F-11D3-BF4B-00C04F79EFBC}") = "G2D_Monitor", "G2D_Monitor\G2D_Monitor.csproj", "{8EDB422E-DCC4-4730-9DCD-35518B4234CE}"
EndProject
Global
	GlobalSection(SolutionConfigurationPlatforms) = preSolution
		Debug|Any CPU = Debug|Any CPU
		Release|Any CPU = Release|Any CPU
	EndGlobalSection
	GlobalSection(ProjectConfigurationPlatforms) = postSolution
		{8EDB422E-DCC4-4730-9DCD-35518B4234CE}.Debug|Any CPU.ActiveCfg = Debug|Any CPU
		{8EDB422E-DCC4-4730-9DCD-35518B4234CE}.Debug|Any CPU.Build.0 = Debug|Any CPU
		{8EDB422E-DCC4-4730-9DCD-35518B4234CE}.Release|Any CPU.ActiveCfg = Release|Any CPU
		{8EDB422E-DCC4-4730-9DCD-35518B4234CE}.Release|Any CPU.Build.0 = Release|Any CPU
	EndGlobalSection
	GlobalSection(SolutionProperties) = preSolution
		HideSolutionNode = FALSE
	EndGlobalSection
	GlobalSection(ExtensibilityGlobals) = postSolution
		SolutionGuid = {12CC5E21-39DE-462F-A14B-7E2130DC8CD0}
	EndGlobalSection
EndGlobal
